
Microsoft Visual Studio Solution File, Format Version 12.00
# Visual Studio Version 17
VisualStudioVersion = 17.0.31903.59
MinimumVisualStudioVersion = 10.0.40219.1
Project("{2150E333-8FDC-42A3-9474-1A3956D46DE8}") = "01_Fundamentals", "01_Fundamentals", "{A1A468C3-650E-C533-5DF2-B144BECFC663}"
EndProject
Project("{FAE04EC0-301F-11D3-BF4B-00C04F79EFBC}") = "01_TestNaming", "01_Fundamentals\01_TestNaming\01_TestNaming.csproj", "{173574B1-F4C5-44A2-A60D-BEDD55ACC3A5}"
EndProject
Project("{FAE04EC0-301F-11D3-BF4B-00C04F79EFBC}") = "02_ArrangeActAssert", "01_Fundamentals\02_ArrangeActAssert\02_ArrangeActAssert.csproj", "{79D1E396-1DC9-4980-83BC-AC44A272DCD0}"
EndProject
Project("{FAE04EC0-301F-11D3-BF4B-00C04F79EFBC}") = "03_RedGreenRefactor", "01_Fundamentals\03_RedGreenRefactor\03_RedGreenRefactor.csproj", "{09680F30-6714-4B44-B468-26162ABE18BE}"
EndProject
Project("{FAE04EC0-301F-11D3-BF4B-00C04F79EFBC}") = "04_PathBasedTesting", "01_Fundamentals\04_PathBasedTesting\04_PathBasedTesting.csproj", "{2B203295-DA31-4764-9485-9E6A92803097}"
EndProject
Project("{FAE04EC0-301F-11D3-BF4B-00C04F79EFBC}") = "05_TheoryAndInlineData", "01_Fundamentals\05_TheoryAndInlineData\05_TheoryAndInlineData.csproj", "{096319F1-6D33-4E73-8A34-33D145372DF5}"
EndProject
Project("{FAE04EC0-301F-11D3-BF4B-00C04F79EFBC}") = "06_TestingStrings", "01_Fundamentals\06_TestingStrings\06_TestingStrings.csproj", "{923D3477-50DD-41CF-AF61-9A7E14FB105C}"
EndProject
Project("{FAE04EC0-301F-11D3-BF4B-00C04F79EFBC}") = "07_TestingVoidMethods", "01_Fundamentals\07_TestingVoidMethods\07_TestingVoidMethods.csproj", "{923AD463-786E-4D46-8983-7C6D06176CA6}"
EndProject
Project("{FAE04EC0-301F-11D3-BF4B-00C04F79EFBC}") = "08_TestingExceptions", "01_Fundamentals\08_TestingExceptions\08_TestingExceptions.csproj", "{A480DB59-2B95-4222-BC75-BA51E7C9AEC7}"
EndProject
Project("{FAE04EC0-301F-11D3-BF4B-00C04F79EFBC}") = "09_DataDrivenTesting", "01_Fundamentals\09_DataDrivenTesting\09_DataDrivenTesting.csproj", "{9E02DD43-F874-4C60-B906-6B99E11F8F2D}"
EndProject
Project("{FAE04EC0-301F-11D3-BF4B-00C04F79EFBC}") = "10_TestingCollections", "01_Fundamentals\10_TestingCollections\10_TestingCollections.csproj", "{27F53AAA-CD05-4FFD-AC3E-A3AD14CCACE7}"
EndProject
Project("{FAE04EC0-301F-11D3-BF4B-00C04F79EFBC}") = "11_BoundaryTesting", "01_Fundamentals\11_BoundaryTesting\11_BoundaryTesting.csproj", "{4CB7B24D-B5D4-4067-A83F-A2899B945389}"
EndProject
Project("{FAE04EC0-301F-11D3-BF4B-00C04F79EFBC}") = "12_TestingEvents", "01_Fundamentals\12_TestingEvents\12_TestingEvents.csproj", "{493931B6-E27B-44C0-B661-794180D641B4}"
EndProject
Project("{FAE04EC0-301F-11D3-BF4B-00C04F79EFBC}") = "13_DefaultAndNullTesting", "01_Fundamentals\13_DefaultAndNullTesting\13_DefaultAndNullTesting.csproj", "{B40D28A4-0D02-4AC5-890A-E4A3E8A454E0}"
EndProject
Project("{FAE04EC0-301F-11D3-BF4B-00C04F79EFBC}") = "14_AsyncTesting", "01_Fundamentals\14_AsyncTesting\14_AsyncTesting.csproj", "{8569DA66-44CC-43AF-91C7-65FD86BE677F}"
EndProject
Project("{FAE04EC0-301F-11D3-BF4B-00C04F79EFBC}") = "15_ComplexObjectsAndEquality", "01_Fundamentals\15_ComplexObjectsAndEquality\15_ComplexObjectsAndEquality.csproj", "{1F24522A-551D-4A00-B24E-2198ABDB3B53}"
EndProject
Project("{FAE04EC0-301F-11D3-BF4B-00C04F79EFBC}") = "16_PureFunctionsVsSideEffects", "01_Fundamentals\16_PureFunctionsVsSideEffects\16_PureFunctionsVsSideEffects.csproj", "{17502A13-0A24-4369-88B1-90803AB2FFB8}"
EndProject
Project("{2150E333-8FDC-42A3-9474-1A3956D46DE8}") = "02_TestDoubles", "02_TestDoubles", "{D721D748-D063-4836-B655-BEC3DD186F69}"
EndProject
Project("{2150E333-8FDC-42A3-9474-1A3956D46DE8}") = "01_Dummy", "01_Dummy", "{969E6893-DE3E-48C1-94A3-DF8F55C3930A}"
EndProject
Project("{FAE04EC0-301F-11D3-BF4B-00C04F79EFBC}") = "DummyTests", "02_TestDoubles\01_Dummy\DummyTests\DummyTests.csproj", "{CA2E7D29-E3C7-4FD9-AC87-A10D3D22C91B}"
EndProject
Project("{2150E333-8FDC-42A3-9474-1A3956D46DE8}") = "02_Stub", "02_Stub", "{0F94F07B-B9B7-4D6F-8F41-7FA7606646CB}"
EndProject
Project("{FAE04EC0-301F-11D3-BF4B-00C04F79EFBC}") = "StubTests", "02_TestDoubles\02_Stub\StubTests\StubTests.csproj", "{EF43FD62-D2A4-4F9C-9C79-EDE567F6F110}"
EndProject
Project("{2150E333-8FDC-42A3-9474-1A3956D46DE8}") = "03_Fake", "03_Fake", "{D816B36F-3344-4736-A81F-0B28831D8D88}"
EndProject
Project("{FAE04EC0-301F-11D3-BF4B-00C04F79EFBC}") = "FakeTests", "02_TestDoubles\03_Fake\FakeTests\FakeTests.csproj", "{6E046B55-520C-496E-A15B-9D60C4662DD8}"
EndProject
Project("{2150E333-8FDC-42A3-9474-1A3956D46DE8}") = "04_Mock", "04_Mock", "{3302EA21-C94D-492A-9E46-4955FAD5443A}"
EndProject
Project("{FAE04EC0-301F-11D3-BF4B-00C04F79EFBC}") = "MockTests", "02_TestDoubles\04_Mock\MockTests\MockTests.csproj", "{E6E130F8-4965-476A-8A96-ADF83108EA03}"
EndProject
Project("{2150E333-8FDC-42A3-9474-1A3956D46DE8}") = "03_DesignPatterns", "03_DesignPatterns", "{FA94233A-D8AD-4536-9F09-5A3E8934F985}"
EndProject
Project("{2150E333-8FDC-42A3-9474-1A3956D46DE8}") = "01_AdapterPattern", "01_AdapterPattern", "{28320BCE-D725-49E6-B9E8-875228CD22C7}"
EndProject
Project("{FAE04EC0-301F-11D3-BF4B-00C04F79EFBC}") = "AdapterPatternTests", "03_DesignPatterns\01_AdapterPattern\AdapterPatternTests\AdapterPatternTests.csproj", "{68D2DDC8-4990-4C55-B083-AC7FD8BCEF9F}"
EndProject
Project("{2150E333-8FDC-42A3-9474-1A3956D46DE8}") = "02_ProxyPattern", "02_ProxyPattern", "{B78CDD95-019F-49BB-9022-6F2C36B9EA2C}"
EndProject
Project("{FAE04EC0-301F-11D3-BF4B-00C04F79EFBC}") = "ProxyPatternTests", "03_DesignPatterns\02_ProxyPattern\ProxyPatternTests\ProxyPatternTests.csproj", "{FB1433AB-8EBA-4EC5-B8A1-67BE3D5CC109}"
EndProject
Project("{2150E333-8FDC-42A3-9474-1A3956D46DE8}") = "03_DecoratorPattern", "03_DecoratorPattern", "{C1D9B023-F8AC-4432-AA7B-7F4AE4C3D5B9}"
EndProject
Project("{FAE04EC0-301F-11D3-BF4B-00C04F79EFBC}") = "DecoratorPatternTests", "03_DesignPatterns\03_DecoratorPattern\DecoratorPatternTests\DecoratorPatternTests.csproj", "{52C874DA-35F5-48F0-8556-9F6D44C3317A}"
EndProject
Project("{2150E333-8FDC-42A3-9474-1A3956D46DE8}") = "04_CompositePattern", "04_CompositePattern", "{FB54A680-EE45-424D-B50E-DAD6FD46EA9A}"
EndProject
Project("{FAE04EC0-301F-11D3-BF4B-00C04F79EFBC}") = "CompositePatternTests", "03_DesignPatterns\04_CompositePattern\CompositePatternTests\CompositePatternTests.csproj", "{758F258F-DA6C-4DF7-A9E4-368EFF841581}"
EndProject
Project("{2150E333-8FDC-42A3-9474-1A3956D46DE8}") = "05_FacadePattern", "05_FacadePattern", "{2E7C1C5E-26DC-480D-900D-220B84F73065}"
EndProject
Project("{FAE04EC0-301F-11D3-BF4B-00C04F79EFBC}") = "FacadePatternTests", "03_DesignPatterns\05_FacadePattern\FacadePatternTests\FacadePatternTests.csproj", "{8C94DF78-1EDC-4A7A-BF06-1C57EBBA4225}"
EndProject
Project("{2150E333-8FDC-42A3-9474-1A3956D46DE8}") = "06_ChainOfResponsibilityPattern", "06_ChainOfResponsibilityPattern", "{184AAA47-0C87-4B63-98B4-13508A021A9F}"
EndProject
Project("{FAE04EC0-301F-11D3-BF4B-00C04F79EFBC}") = "ChainOfResponsibilityPatternTests", "03_DesignPatterns\06_ChainOfResponsibilityPattern\ChainOfResponsibilityPatternTests\ChainOfResponsibilityPatternTests.csproj", "{DE414A28-C365-4088-AD4C-6D9E393B4B79}"
EndProject
Project("{2150E333-8FDC-42A3-9474-1A3956D46DE8}") = "04_IntegrationTests", "04_IntegrationTests", "{69D306D1-4DDD-4601-913A-54170D9DF99C}"
EndProject
Project("{2150E333-8FDC-42A3-9474-1A3956D46DE8}") = "01_ComponentIntegration", "01_ComponentIntegration", "{95603F2B-9A25-45E0-8682-71B338F54C04}"
EndProject
Project("{FAE04EC0-301F-11D3-BF4B-00C04F79EFBC}") = "ComponentIntegration", "04_IntegrationTests\01_ComponentIntegration\ComponentIntegration.csproj", "{A36CEE52-B0F5-46D8-BC97-005BA5C04E5E}"
EndProject
Project("{2150E333-8FDC-42A3-9474-1A3956D46DE8}") = "02_ApiIntegrationTests", "02_ApiIntegrationTests", "{2B97D152-65EE-41A0-8D75-A346FE25A94D}"
EndProject
Project("{FAE04EC0-301F-11D3-BF4B-00C04F79EFBC}") = "LocalApiIntegration", "04_IntegrationTests\02_ApiIntegrationTests\LocalApiIntegration.csproj", "{9ED7EF49-EA7D-46BE-90CC-C04AC8DF88CA}"
EndProject
Project("{2150E333-8FDC-42A3-9474-1A3956D46DE8}") = " 03_DataStoreIntegration", " 03_DataStoreIntegration", "{E4C6310A-BF2F-40B8-BF55-60C04DF78DB6}"
EndProject
Project("{FAE04EC0-301F-11D3-BF4B-00C04F79EFBC}") = "RedisDataStoreIntegration", "04_IntegrationTests\03_DataStoreIntegration\RedisDataStoreIntegration.csproj", "{69767188-5683-4E25-A743-10AF016CA566}"
EndProject
Project("{2150E333-8FDC-42A3-9474-1A3956D46DE8}") = "04_ProtocolIntegration", "04_ProtocolIntegration", "{AD97EF0C-DA56-4233-A6B2-E17BB1064AE1}"
EndProject
Project("{FAE04EC0-301F-11D3-BF4B-00C04F79EFBC}") = "ProtocolIntegration", "04_IntegrationTests\04_ProtocolIntegration\ProtocolIntegration.csproj", "{05246E04-A49E-483D-9622-B414375175E1}"
EndProject
Project("{2150E333-8FDC-42A3-9474-1A3956D46DE8}") = "05_MessagingIntegration", "05_MessagingIntegration", "{33C69772-9FD1-4544-A9DC-AC893E58ACF1}"
	ProjectSection(SolutionItems) = preProject
		04_IntegrationTests\05_MessagingIntegration\RedisStreamIntegration.csproj = 04_IntegrationTests\05_MessagingIntegration\RedisStreamIntegration.csproj
	EndProjectSection
EndProject
Project("{2150E333-8FDC-42A3-9474-1A3956D46DE8}") = "06_ExternalServiceIntegration", "06_ExternalServiceIntegration", "{4B93F294-342A-46E4-AF0E-E205554953F5}"
EndProject
Project("{FAE04EC0-301F-11D3-BF4B-00C04F79EFBC}") = "HttpApiExternalIntegration", "04_IntegrationTests\06_ExternalServiceIntegration\HttpApiExternalIntegration.csproj", "{B23E6110-BD67-4480-BFBD-8AB032F209EB}"
EndProject
Global
	GlobalSection(SolutionConfigurationPlatforms) = preSolution
		Debug|Any CPU = Debug|Any CPU
		Debug|x64 = Debug|x64
		Debug|x86 = Debug|x86
		Release|Any CPU = Release|Any CPU
		Release|x64 = Release|x64
		Release|x86 = Release|x86
	EndGlobalSection
	GlobalSection(ProjectConfigurationPlatforms) = postSolution
		{173574B1-F4C5-44A2-A60D-BEDD55ACC3A5}.Debug|Any CPU.ActiveCfg = Debug|Any CPU
		{173574B1-F4C5-44A2-A60D-BEDD55ACC3A5}.Debug|Any CPU.Build.0 = Debug|Any CPU
		{173574B1-F4C5-44A2-A60D-BEDD55ACC3A5}.Debug|x64.ActiveCfg = Debug|Any CPU
		{173574B1-F4C5-44A2-A60D-BEDD55ACC3A5}.Debug|x64.Build.0 = Debug|Any CPU
		{173574B1-F4C5-44A2-A60D-BEDD55ACC3A5}.Debug|x86.ActiveCfg = Debug|Any CPU
		{173574B1-F4C5-44A2-A60D-BEDD55ACC3A5}.Debug|x86.Build.0 = Debug|Any CPU
		{173574B1-F4C5-44A2-A60D-BEDD55ACC3A5}.Release|Any CPU.ActiveCfg = Release|Any CPU
		{173574B1-F4C5-44A2-A60D-BEDD55ACC3A5}.Release|Any CPU.Build.0 = Release|Any CPU
		{173574B1-F4C5-44A2-A60D-BEDD55ACC3A5}.Release|x64.ActiveCfg = Release|Any CPU
		{173574B1-F4C5-44A2-A60D-BEDD55ACC3A5}.Release|x64.Build.0 = Release|Any CPU
		{173574B1-F4C5-44A2-A60D-BEDD55ACC3A5}.Release|x86.ActiveCfg = Release|Any CPU
		{173574B1-F4C5-44A2-A60D-BEDD55ACC3A5}.Release|x86.Build.0 = Release|Any CPU
		{79D1E396-1DC9-4980-83BC-AC44A272DCD0}.Debug|Any CPU.ActiveCfg = Debug|Any CPU
		{79D1E396-1DC9-4980-83BC-AC44A272DCD0}.Debug|Any CPU.Build.0 = Debug|Any CPU
		{79D1E396-1DC9-4980-83BC-AC44A272DCD0}.Debug|x64.ActiveCfg = Debug|Any CPU
		{79D1E396-1DC9-4980-83BC-AC44A272DCD0}.Debug|x64.Build.0 = Debug|Any CPU
		{79D1E396-1DC9-4980-83BC-AC44A272DCD0}.Debug|x86.ActiveCfg = Debug|Any CPU
		{79D1E396-1DC9-4980-83BC-AC44A272DCD0}.Debug|x86.Build.0 = Debug|Any CPU
		{79D1E396-1DC9-4980-83BC-AC44A272DCD0}.Release|Any CPU.ActiveCfg = Release|Any CPU
		{79D1E396-1DC9-4980-83BC-AC44A272DCD0}.Release|Any CPU.Build.0 = Release|Any CPU
		{79D1E396-1DC9-4980-83BC-AC44A272DCD0}.Release|x64.ActiveCfg = Release|Any CPU
		{79D1E396-1DC9-4980-83BC-AC44A272DCD0}.Release|x64.Build.0 = Release|Any CPU
		{79D1E396-1DC9-4980-83BC-AC44A272DCD0}.Release|x86.ActiveCfg = Release|Any CPU
		{79D1E396-1DC9-4980-83BC-AC44A272DCD0}.Release|x86.Build.0 = Release|Any CPU
		{09680F30-6714-4B44-B468-26162ABE18BE}.Debug|Any CPU.ActiveCfg = Debug|Any CPU
		{09680F30-6714-4B44-B468-26162ABE18BE}.Debug|Any CPU.Build.0 = Debug|Any CPU
		{09680F30-6714-4B44-B468-26162ABE18BE}.Debug|x64.ActiveCfg = Debug|Any CPU
		{09680F30-6714-4B44-B468-26162ABE18BE}.Debug|x64.Build.0 = Debug|Any CPU
		{09680F30-6714-4B44-B468-26162ABE18BE}.Debug|x86.ActiveCfg = Debug|Any CPU
		{09680F30-6714-4B44-B468-26162ABE18BE}.Debug|x86.Build.0 = Debug|Any CPU
		{09680F30-6714-4B44-B468-26162ABE18BE}.Release|Any CPU.ActiveCfg = Release|Any CPU
		{09680F30-6714-4B44-B468-26162ABE18BE}.Release|Any CPU.Build.0 = Release|Any CPU
		{09680F30-6714-4B44-B468-26162ABE18BE}.Release|x64.ActiveCfg = Release|Any CPU
		{09680F30-6714-4B44-B468-26162ABE18BE}.Release|x64.Build.0 = Release|Any CPU
		{09680F30-6714-4B44-B468-26162ABE18BE}.Release|x86.ActiveCfg = Release|Any CPU
		{09680F30-6714-4B44-B468-26162ABE18BE}.Release|x86.Build.0 = Release|Any CPU
		{2B203295-DA31-4764-9485-9E6A92803097}.Debug|Any CPU.ActiveCfg = Debug|Any CPU
		{2B203295-DA31-4764-9485-9E6A92803097}.Debug|Any CPU.Build.0 = Debug|Any CPU
		{2B203295-DA31-4764-9485-9E6A92803097}.Debug|x64.ActiveCfg = Debug|Any CPU
		{2B203295-DA31-4764-9485-9E6A92803097}.Debug|x64.Build.0 = Debug|Any CPU
		{2B203295-DA31-4764-9485-9E6A92803097}.Debug|x86.ActiveCfg = Debug|Any CPU
		{2B203295-DA31-4764-9485-9E6A92803097}.Debug|x86.Build.0 = Debug|Any CPU
		{2B203295-DA31-4764-9485-9E6A92803097}.Release|Any CPU.ActiveCfg = Release|Any CPU
		{2B203295-DA31-4764-9485-9E6A92803097}.Release|Any CPU.Build.0 = Release|Any CPU
		{2B203295-DA31-4764-9485-9E6A92803097}.Release|x64.ActiveCfg = Release|Any CPU
		{2B203295-DA31-4764-9485-9E6A92803097}.Release|x64.Build.0 = Release|Any CPU
		{2B203295-DA31-4764-9485-9E6A92803097}.Release|x86.ActiveCfg = Release|Any CPU
		{2B203295-DA31-4764-9485-9E6A92803097}.Release|x86.Build.0 = Release|Any CPU
		{096319F1-6D33-4E73-8A34-33D145372DF5}.Debug|Any CPU.ActiveCfg = Debug|Any CPU
		{096319F1-6D33-4E73-8A34-33D145372DF5}.Debug|Any CPU.Build.0 = Debug|Any CPU
		{096319F1-6D33-4E73-8A34-33D145372DF5}.Debug|x64.ActiveCfg = Debug|Any CPU
		{096319F1-6D33-4E73-8A34-33D145372DF5}.Debug|x64.Build.0 = Debug|Any CPU
		{096319F1-6D33-4E73-8A34-33D145372DF5}.Debug|x86.ActiveCfg = Debug|Any CPU
		{096319F1-6D33-4E73-8A34-33D145372DF5}.Debug|x86.Build.0 = Debug|Any CPU
		{096319F1-6D33-4E73-8A34-33D145372DF5}.Release|Any CPU.ActiveCfg = Release|Any CPU
		{096319F1-6D33-4E73-8A34-33D145372DF5}.Release|Any CPU.Build.0 = Release|Any CPU
		{096319F1-6D33-4E73-8A34-33D145372DF5}.Release|x64.ActiveCfg = Release|Any CPU
		{096319F1-6D33-4E73-8A34-33D145372DF5}.Release|x64.Build.0 = Release|Any CPU
		{096319F1-6D33-4E73-8A34-33D145372DF5}.Release|x86.ActiveCfg = Release|Any CPU
		{096319F1-6D33-4E73-8A34-33D145372DF5}.Release|x86.Build.0 = Release|Any CPU
		{923D3477-50DD-41CF-AF61-9A7E14FB105C}.Debug|Any CPU.ActiveCfg = Debug|Any CPU
		{923D3477-50DD-41CF-AF61-9A7E14FB105C}.Debug|Any CPU.Build.0 = Debug|Any CPU
		{923D3477-50DD-41CF-AF61-9A7E14FB105C}.Debug|x64.ActiveCfg = Debug|Any CPU
		{923D3477-50DD-41CF-AF61-9A7E14FB105C}.Debug|x64.Build.0 = Debug|Any CPU
		{923D3477-50DD-41CF-AF61-9A7E14FB105C}.Debug|x86.ActiveCfg = Debug|Any CPU
		{923D3477-50DD-41CF-AF61-9A7E14FB105C}.Debug|x86.Build.0 = Debug|Any CPU
		{923D3477-50DD-41CF-AF61-9A7E14FB105C}.Release|Any CPU.ActiveCfg = Release|Any CPU
		{923D3477-50DD-41CF-AF61-9A7E14FB105C}.Release|Any CPU.Build.0 = Release|Any CPU
		{923D3477-50DD-41CF-AF61-9A7E14FB105C}.Release|x64.ActiveCfg = Release|Any CPU
		{923D3477-50DD-41CF-AF61-9A7E14FB105C}.Release|x64.Build.0 = Release|Any CPU
		{923D3477-50DD-41CF-AF61-9A7E14FB105C}.Release|x86.ActiveCfg = Release|Any CPU
		{923D3477-50DD-41CF-AF61-9A7E14FB105C}.Release|x86.Build.0 = Release|Any CPU
		{923AD463-786E-4D46-8983-7C6D06176CA6}.Debug|Any CPU.ActiveCfg = Debug|Any CPU
		{923AD463-786E-4D46-8983-7C6D06176CA6}.Debug|Any CPU.Build.0 = Debug|Any CPU
		{923AD463-786E-4D46-8983-7C6D06176CA6}.Debug|x64.ActiveCfg = Debug|Any CPU
		{923AD463-786E-4D46-8983-7C6D06176CA6}.Debug|x64.Build.0 = Debug|Any CPU
		{923AD463-786E-4D46-8983-7C6D06176CA6}.Debug|x86.ActiveCfg = Debug|Any CPU
		{923AD463-786E-4D46-8983-7C6D06176CA6}.Debug|x86.Build.0 = Debug|Any CPU
		{923AD463-786E-4D46-8983-7C6D06176CA6}.Release|Any CPU.ActiveCfg = Release|Any CPU
		{923AD463-786E-4D46-8983-7C6D06176CA6}.Release|Any CPU.Build.0 = Release|Any CPU
		{923AD463-786E-4D46-8983-7C6D06176CA6}.Release|x64.ActiveCfg = Release|Any CPU
		{923AD463-786E-4D46-8983-7C6D06176CA6}.Release|x64.Build.0 = Release|Any CPU
		{923AD463-786E-4D46-8983-7C6D06176CA6}.Release|x86.ActiveCfg = Release|Any CPU
		{923AD463-786E-4D46-8983-7C6D06176CA6}.Release|x86.Build.0 = Release|Any CPU
		{A480DB59-2B95-4222-BC75-BA51E7C9AEC7}.Debug|Any CPU.ActiveCfg = Debug|Any CPU
		{A480DB59-2B95-4222-BC75-BA51E7C9AEC7}.Debug|Any CPU.Build.0 = Debug|Any CPU
		{A480DB59-2B95-4222-BC75-BA51E7C9AEC7}.Debug|x64.ActiveCfg = Debug|Any CPU
		{A480DB59-2B95-4222-BC75-BA51E7C9AEC7}.Debug|x64.Build.0 = Debug|Any CPU
		{A480DB59-2B95-4222-BC75-BA51E7C9AEC7}.Debug|x86.ActiveCfg = Debug|Any CPU
		{A480DB59-2B95-4222-BC75-BA51E7C9AEC7}.Debug|x86.Build.0 = Debug|Any CPU
		{A480DB59-2B95-4222-BC75-BA51E7C9AEC7}.Release|Any CPU.ActiveCfg = Release|Any CPU
		{A480DB59-2B95-4222-BC75-BA51E7C9AEC7}.Release|Any CPU.Build.0 = Release|Any CPU
		{A480DB59-2B95-4222-BC75-BA51E7C9AEC7}.Release|x64.ActiveCfg = Release|Any CPU
		{A480DB59-2B95-4222-BC75-BA51E7C9AEC7}.Release|x64.Build.0 = Release|Any CPU
		{A480DB59-2B95-4222-BC75-BA51E7C9AEC7}.Release|x86.ActiveCfg = Release|Any CPU
		{A480DB59-2B95-4222-BC75-BA51E7C9AEC7}.Release|x86.Build.0 = Release|Any CPU
		{9E02DD43-F874-4C60-B906-6B99E11F8F2D}.Debug|Any CPU.ActiveCfg = Debug|Any CPU
		{9E02DD43-F874-4C60-B906-6B99E11F8F2D}.Debug|Any CPU.Build.0 = Debug|Any CPU
		{9E02DD43-F874-4C60-B906-6B99E11F8F2D}.Debug|x64.ActiveCfg = Debug|Any CPU
		{9E02DD43-F874-4C60-B906-6B99E11F8F2D}.Debug|x64.Build.0 = Debug|Any CPU
		{9E02DD43-F874-4C60-B906-6B99E11F8F2D}.Debug|x86.ActiveCfg = Debug|Any CPU
		{9E02DD43-F874-4C60-B906-6B99E11F8F2D}.Debug|x86.Build.0 = Debug|Any CPU
		{9E02DD43-F874-4C60-B906-6B99E11F8F2D}.Release|Any CPU.ActiveCfg = Release|Any CPU
		{9E02DD43-F874-4C60-B906-6B99E11F8F2D}.Release|Any CPU.Build.0 = Release|Any CPU
		{9E02DD43-F874-4C60-B906-6B99E11F8F2D}.Release|x64.ActiveCfg = Release|Any CPU
		{9E02DD43-F874-4C60-B906-6B99E11F8F2D}.Release|x64.Build.0 = Release|Any CPU
		{9E02DD43-F874-4C60-B906-6B99E11F8F2D}.Release|x86.ActiveCfg = Release|Any CPU
		{9E02DD43-F874-4C60-B906-6B99E11F8F2D}.Release|x86.Build.0 = Release|Any CPU
		{27F53AAA-CD05-4FFD-AC3E-A3AD14CCACE7}.Debug|Any CPU.ActiveCfg = Debug|Any CPU
		{27F53AAA-CD05-4FFD-AC3E-A3AD14CCACE7}.Debug|Any CPU.Build.0 = Debug|Any CPU
		{27F53AAA-CD05-4FFD-AC3E-A3AD14CCACE7}.Debug|x64.ActiveCfg = Debug|Any CPU
		{27F53AAA-CD05-4FFD-AC3E-A3AD14CCACE7}.Debug|x64.Build.0 = Debug|Any CPU
		{27F53AAA-CD05-4FFD-AC3E-A3AD14CCACE7}.Debug|x86.ActiveCfg = Debug|Any CPU
		{27F53AAA-CD05-4FFD-AC3E-A3AD14CCACE7}.Debug|x86.Build.0 = Debug|Any CPU
		{27F53AAA-CD05-4FFD-AC3E-A3AD14CCACE7}.Release|Any CPU.ActiveCfg = Release|Any CPU
		{27F53AAA-CD05-4FFD-AC3E-A3AD14CCACE7}.Release|Any CPU.Build.0 = Release|Any CPU
		{27F53AAA-CD05-4FFD-AC3E-A3AD14CCACE7}.Release|x64.ActiveCfg = Release|Any CPU
		{27F53AAA-CD05-4FFD-AC3E-A3AD14CCACE7}.Release|x64.Build.0 = Release|Any CPU
		{27F53AAA-CD05-4FFD-AC3E-A3AD14CCACE7}.Release|x86.ActiveCfg = Release|Any CPU
		{27F53AAA-CD05-4FFD-AC3E-A3AD14CCACE7}.Release|x86.Build.0 = Release|Any CPU
		{4CB7B24D-B5D4-4067-A83F-A2899B945389}.Debug|Any CPU.ActiveCfg = Debug|Any CPU
		{4CB7B24D-B5D4-4067-A83F-A2899B945389}.Debug|Any CPU.Build.0 = Debug|Any CPU
		{4CB7B24D-B5D4-4067-A83F-A2899B945389}.Debug|x64.ActiveCfg = Debug|Any CPU
		{4CB7B24D-B5D4-4067-A83F-A2899B945389}.Debug|x64.Build.0 = Debug|Any CPU
		{4CB7B24D-B5D4-4067-A83F-A2899B945389}.Debug|x86.ActiveCfg = Debug|Any CPU
		{4CB7B24D-B5D4-4067-A83F-A2899B945389}.Debug|x86.Build.0 = Debug|Any CPU
		{4CB7B24D-B5D4-4067-A83F-A2899B945389}.Release|Any CPU.ActiveCfg = Release|Any CPU
		{4CB7B24D-B5D4-4067-A83F-A2899B945389}.Release|Any CPU.Build.0 = Release|Any CPU
		{4CB7B24D-B5D4-4067-A83F-A2899B945389}.Release|x64.ActiveCfg = Release|Any CPU
		{4CB7B24D-B5D4-4067-A83F-A2899B945389}.Release|x64.Build.0 = Release|Any CPU
		{4CB7B24D-B5D4-4067-A83F-A2899B945389}.Release|x86.ActiveCfg = Release|Any CPU
		{4CB7B24D-B5D4-4067-A83F-A2899B945389}.Release|x86.Build.0 = Release|Any CPU
		{493931B6-E27B-44C0-B661-794180D641B4}.Debug|Any CPU.ActiveCfg = Debug|Any CPU
		{493931B6-E27B-44C0-B661-794180D641B4}.Debug|Any CPU.Build.0 = Debug|Any CPU
		{493931B6-E27B-44C0-B661-794180D641B4}.Debug|x64.ActiveCfg = Debug|Any CPU
		{493931B6-E27B-44C0-B661-794180D641B4}.Debug|x64.Build.0 = Debug|Any CPU
		{493931B6-E27B-44C0-B661-794180D641B4}.Debug|x86.ActiveCfg = Debug|Any CPU
		{493931B6-E27B-44C0-B661-794180D641B4}.Debug|x86.Build.0 = Debug|Any CPU
		{493931B6-E27B-44C0-B661-794180D641B4}.Release|Any CPU.ActiveCfg = Release|Any CPU
		{493931B6-E27B-44C0-B661-794180D641B4}.Release|Any CPU.Build.0 = Release|Any CPU
		{493931B6-E27B-44C0-B661-794180D641B4}.Release|x64.ActiveCfg = Release|Any CPU
		{493931B6-E27B-44C0-B661-794180D641B4}.Release|x64.Build.0 = Release|Any CPU
		{493931B6-E27B-44C0-B661-794180D641B4}.Release|x86.ActiveCfg = Release|Any CPU
		{493931B6-E27B-44C0-B661-794180D641B4}.Release|x86.Build.0 = Release|Any CPU
		{B40D28A4-0D02-4AC5-890A-E4A3E8A454E0}.Debug|Any CPU.ActiveCfg = Debug|Any CPU
		{B40D28A4-0D02-4AC5-890A-E4A3E8A454E0}.Debug|Any CPU.Build.0 = Debug|Any CPU
		{B40D28A4-0D02-4AC5-890A-E4A3E8A454E0}.Debug|x64.ActiveCfg = Debug|Any CPU
		{B40D28A4-0D02-4AC5-890A-E4A3E8A454E0}.Debug|x64.Build.0 = Debug|Any CPU
		{B40D28A4-0D02-4AC5-890A-E4A3E8A454E0}.Debug|x86.ActiveCfg = Debug|Any CPU
		{B40D28A4-0D02-4AC5-890A-E4A3E8A454E0}.Debug|x86.Build.0 = Debug|Any CPU
		{B40D28A4-0D02-4AC5-890A-E4A3E8A454E0}.Release|Any CPU.ActiveCfg = Release|Any CPU
		{B40D28A4-0D02-4AC5-890A-E4A3E8A454E0}.Release|Any CPU.Build.0 = Release|Any CPU
		{B40D28A4-0D02-4AC5-890A-E4A3E8A454E0}.Release|x64.ActiveCfg = Release|Any CPU
		{B40D28A4-0D02-4AC5-890A-E4A3E8A454E0}.Release|x64.Build.0 = Release|Any CPU
		{B40D28A4-0D02-4AC5-890A-E4A3E8A454E0}.Release|x86.ActiveCfg = Release|Any CPU
		{B40D28A4-0D02-4AC5-890A-E4A3E8A454E0}.Release|x86.Build.0 = Release|Any CPU
		{8569DA66-44CC-43AF-91C7-65FD86BE677F}.Debug|Any CPU.ActiveCfg = Debug|Any CPU
		{8569DA66-44CC-43AF-91C7-65FD86BE677F}.Debug|Any CPU.Build.0 = Debug|Any CPU
		{8569DA66-44CC-43AF-91C7-65FD86BE677F}.Debug|x64.ActiveCfg = Debug|Any CPU
		{8569DA66-44CC-43AF-91C7-65FD86BE677F}.Debug|x64.Build.0 = Debug|Any CPU
		{8569DA66-44CC-43AF-91C7-65FD86BE677F}.Debug|x86.ActiveCfg = Debug|Any CPU
		{8569DA66-44CC-43AF-91C7-65FD86BE677F}.Debug|x86.Build.0 = Debug|Any CPU
		{8569DA66-44CC-43AF-91C7-65FD86BE677F}.Release|Any CPU.ActiveCfg = Release|Any CPU
		{8569DA66-44CC-43AF-91C7-65FD86BE677F}.Release|Any CPU.Build.0 = Release|Any CPU
		{8569DA66-44CC-43AF-91C7-65FD86BE677F}.Release|x64.ActiveCfg = Release|Any CPU
		{8569DA66-44CC-43AF-91C7-65FD86BE677F}.Release|x64.Build.0 = Release|Any CPU
		{8569DA66-44CC-43AF-91C7-65FD86BE677F}.Release|x86.ActiveCfg = Release|Any CPU
		{8569DA66-44CC-43AF-91C7-65FD86BE677F}.Release|x86.Build.0 = Release|Any CPU
		{1F24522A-551D-4A00-B24E-2198ABDB3B53}.Debug|Any CPU.ActiveCfg = Debug|Any CPU
		{1F24522A-551D-4A00-B24E-2198ABDB3B53}.Debug|Any CPU.Build.0 = Debug|Any CPU
		{1F24522A-551D-4A00-B24E-2198ABDB3B53}.Debug|x64.ActiveCfg = Debug|Any CPU
		{1F24522A-551D-4A00-B24E-2198ABDB3B53}.Debug|x64.Build.0 = Debug|Any CPU
		{1F24522A-551D-4A00-B24E-2198ABDB3B53}.Debug|x86.ActiveCfg = Debug|Any CPU
		{1F24522A-551D-4A00-B24E-2198ABDB3B53}.Debug|x86.Build.0 = Debug|Any CPU
		{1F24522A-551D-4A00-B24E-2198ABDB3B53}.Release|Any CPU.ActiveCfg = Release|Any CPU
		{1F24522A-551D-4A00-B24E-2198ABDB3B53}.Release|Any CPU.Build.0 = Release|Any CPU
		{1F24522A-551D-4A00-B24E-2198ABDB3B53}.Release|x64.ActiveCfg = Release|Any CPU
		{1F24522A-551D-4A00-B24E-2198ABDB3B53}.Release|x64.Build.0 = Release|Any CPU
		{1F24522A-551D-4A00-B24E-2198ABDB3B53}.Release|x86.ActiveCfg = Release|Any CPU
		{1F24522A-551D-4A00-B24E-2198ABDB3B53}.Release|x86.Build.0 = Release|Any CPU
		{17502A13-0A24-4369-88B1-90803AB2FFB8}.Debug|Any CPU.ActiveCfg = Debug|Any CPU
		{17502A13-0A24-4369-88B1-90803AB2FFB8}.Debug|Any CPU.Build.0 = Debug|Any CPU
		{17502A13-0A24-4369-88B1-90803AB2FFB8}.Debug|x64.ActiveCfg = Debug|Any CPU
		{17502A13-0A24-4369-88B1-90803AB2FFB8}.Debug|x64.Build.0 = Debug|Any CPU
		{17502A13-0A24-4369-88B1-90803AB2FFB8}.Debug|x86.ActiveCfg = Debug|Any CPU
		{17502A13-0A24-4369-88B1-90803AB2FFB8}.Debug|x86.Build.0 = Debug|Any CPU
		{17502A13-0A24-4369-88B1-90803AB2FFB8}.Release|Any CPU.ActiveCfg = Release|Any CPU
		{17502A13-0A24-4369-88B1-90803AB2FFB8}.Release|Any CPU.Build.0 = Release|Any CPU
		{17502A13-0A24-4369-88B1-90803AB2FFB8}.Release|x64.ActiveCfg = Release|Any CPU
		{17502A13-0A24-4369-88B1-90803AB2FFB8}.Release|x64.Build.0 = Release|Any CPU
		{17502A13-0A24-4369-88B1-90803AB2FFB8}.Release|x86.ActiveCfg = Release|Any CPU
		{17502A13-0A24-4369-88B1-90803AB2FFB8}.Release|x86.Build.0 = Release|Any CPU
		{CA2E7D29-E3C7-4FD9-AC87-A10D3D22C91B}.Debug|Any CPU.ActiveCfg = Debug|Any CPU
		{CA2E7D29-E3C7-4FD9-AC87-A10D3D22C91B}.Debug|Any CPU.Build.0 = Debug|Any CPU
		{CA2E7D29-E3C7-4FD9-AC87-A10D3D22C91B}.Debug|x64.ActiveCfg = Debug|Any CPU
		{CA2E7D29-E3C7-4FD9-AC87-A10D3D22C91B}.Debug|x64.Build.0 = Debug|Any CPU
		{CA2E7D29-E3C7-4FD9-AC87-A10D3D22C91B}.Debug|x86.ActiveCfg = Debug|Any CPU
		{CA2E7D29-E3C7-4FD9-AC87-A10D3D22C91B}.Debug|x86.Build.0 = Debug|Any CPU
		{CA2E7D29-E3C7-4FD9-AC87-A10D3D22C91B}.Release|Any CPU.ActiveCfg = Release|Any CPU
		{CA2E7D29-E3C7-4FD9-AC87-A10D3D22C91B}.Release|Any CPU.Build.0 = Release|Any CPU
		{CA2E7D29-E3C7-4FD9-AC87-A10D3D22C91B}.Release|x64.ActiveCfg = Release|Any CPU
		{CA2E7D29-E3C7-4FD9-AC87-A10D3D22C91B}.Release|x64.Build.0 = Release|Any CPU
		{CA2E7D29-E3C7-4FD9-AC87-A10D3D22C91B}.Release|x86.ActiveCfg = Release|Any CPU
		{CA2E7D29-E3C7-4FD9-AC87-A10D3D22C91B}.Release|x86.Build.0 = Release|Any CPU
		{EF43FD62-D2A4-4F9C-9C79-EDE567F6F110}.Debug|Any CPU.ActiveCfg = Debug|Any CPU
		{EF43FD62-D2A4-4F9C-9C79-EDE567F6F110}.Debug|Any CPU.Build.0 = Debug|Any CPU
		{EF43FD62-D2A4-4F9C-9C79-EDE567F6F110}.Debug|x64.ActiveCfg = Debug|Any CPU
		{EF43FD62-D2A4-4F9C-9C79-EDE567F6F110}.Debug|x64.Build.0 = Debug|Any CPU
		{EF43FD62-D2A4-4F9C-9C79-EDE567F6F110}.Debug|x86.ActiveCfg = Debug|Any CPU
		{EF43FD62-D2A4-4F9C-9C79-EDE567F6F110}.Debug|x86.Build.0 = Debug|Any CPU
		{EF43FD62-D2A4-4F9C-9C79-EDE567F6F110}.Release|Any CPU.ActiveCfg = Release|Any CPU
		{EF43FD62-D2A4-4F9C-9C79-EDE567F6F110}.Release|Any CPU.Build.0 = Release|Any CPU
		{EF43FD62-D2A4-4F9C-9C79-EDE567F6F110}.Release|x64.ActiveCfg = Release|Any CPU
		{EF43FD62-D2A4-4F9C-9C79-EDE567F6F110}.Release|x64.Build.0 = Release|Any CPU
		{EF43FD62-D2A4-4F9C-9C79-EDE567F6F110}.Release|x86.ActiveCfg = Release|Any CPU
		{EF43FD62-D2A4-4F9C-9C79-EDE567F6F110}.Release|x86.Build.0 = Release|Any CPU
		{6E046B55-520C-496E-A15B-9D60C4662DD8}.Debug|Any CPU.ActiveCfg = Debug|Any CPU
		{6E046B55-520C-496E-A15B-9D60C4662DD8}.Debug|Any CPU.Build.0 = Debug|Any CPU
		{6E046B55-520C-496E-A15B-9D60C4662DD8}.Debug|x64.ActiveCfg = Debug|Any CPU
		{6E046B55-520C-496E-A15B-9D60C4662DD8}.Debug|x64.Build.0 = Debug|Any CPU
		{6E046B55-520C-496E-A15B-9D60C4662DD8}.Debug|x86.ActiveCfg = Debug|Any CPU
		{6E046B55-520C-496E-A15B-9D60C4662DD8}.Debug|x86.Build.0 = Debug|Any CPU
		{6E046B55-520C-496E-A15B-9D60C4662DD8}.Release|Any CPU.ActiveCfg = Release|Any CPU
		{6E046B55-520C-496E-A15B-9D60C4662DD8}.Release|Any CPU.Build.0 = Release|Any CPU
		{6E046B55-520C-496E-A15B-9D60C4662DD8}.Release|x64.ActiveCfg = Release|Any CPU
		{6E046B55-520C-496E-A15B-9D60C4662DD8}.Release|x64.Build.0 = Release|Any CPU
		{6E046B55-520C-496E-A15B-9D60C4662DD8}.Release|x86.ActiveCfg = Release|Any CPU
		{6E046B55-520C-496E-A15B-9D60C4662DD8}.Release|x86.Build.0 = Release|Any CPU
		{E6E130F8-4965-476A-8A96-ADF83108EA03}.Debug|Any CPU.ActiveCfg = Debug|Any CPU
		{E6E130F8-4965-476A-8A96-ADF83108EA03}.Debug|Any CPU.Build.0 = Debug|Any CPU
		{E6E130F8-4965-476A-8A96-ADF83108EA03}.Debug|x64.ActiveCfg = Debug|Any CPU
		{E6E130F8-4965-476A-8A96-ADF83108EA03}.Debug|x64.Build.0 = Debug|Any CPU
		{E6E130F8-4965-476A-8A96-ADF83108EA03}.Debug|x86.ActiveCfg = Debug|Any CPU
		{E6E130F8-4965-476A-8A96-ADF83108EA03}.Debug|x86.Build.0 = Debug|Any CPU
		{E6E130F8-4965-476A-8A96-ADF83108EA03}.Release|Any CPU.ActiveCfg = Release|Any CPU
		{E6E130F8-4965-476A-8A96-ADF83108EA03}.Release|Any CPU.Build.0 = Release|Any CPU
		{E6E130F8-4965-476A-8A96-ADF83108EA03}.Release|x64.ActiveCfg = Release|Any CPU
		{E6E130F8-4965-476A-8A96-ADF83108EA03}.Release|x64.Build.0 = Release|Any CPU
		{E6E130F8-4965-476A-8A96-ADF83108EA03}.Release|x86.ActiveCfg = Release|Any CPU
		{E6E130F8-4965-476A-8A96-ADF83108EA03}.Release|x86.Build.0 = Release|Any CPU
		{68D2DDC8-4990-4C55-B083-AC7FD8BCEF9F}.Debug|Any CPU.ActiveCfg = Debug|Any CPU
		{68D2DDC8-4990-4C55-B083-AC7FD8BCEF9F}.Debug|Any CPU.Build.0 = Debug|Any CPU
		{68D2DDC8-4990-4C55-B083-AC7FD8BCEF9F}.Debug|x64.ActiveCfg = Debug|Any CPU
		{68D2DDC8-4990-4C55-B083-AC7FD8BCEF9F}.Debug|x64.Build.0 = Debug|Any CPU
		{68D2DDC8-4990-4C55-B083-AC7FD8BCEF9F}.Debug|x86.ActiveCfg = Debug|Any CPU
		{68D2DDC8-4990-4C55-B083-AC7FD8BCEF9F}.Debug|x86.Build.0 = Debug|Any CPU
		{68D2DDC8-4990-4C55-B083-AC7FD8BCEF9F}.Release|Any CPU.ActiveCfg = Release|Any CPU
		{68D2DDC8-4990-4C55-B083-AC7FD8BCEF9F}.Release|Any CPU.Build.0 = Release|Any CPU
		{68D2DDC8-4990-4C55-B083-AC7FD8BCEF9F}.Release|x64.ActiveCfg = Release|Any CPU
		{68D2DDC8-4990-4C55-B083-AC7FD8BCEF9F}.Release|x64.Build.0 = Release|Any CPU
		{68D2DDC8-4990-4C55-B083-AC7FD8BCEF9F}.Release|x86.ActiveCfg = Release|Any CPU
		{68D2DDC8-4990-4C55-B083-AC7FD8BCEF9F}.Release|x86.Build.0 = Release|Any CPU
		{FB1433AB-8EBA-4EC5-B8A1-67BE3D5CC109}.Debug|Any CPU.ActiveCfg = Debug|Any CPU
		{FB1433AB-8EBA-4EC5-B8A1-67BE3D5CC109}.Debug|Any CPU.Build.0 = Debug|Any CPU
		{FB1433AB-8EBA-4EC5-B8A1-67BE3D5CC109}.Debug|x64.ActiveCfg = Debug|Any CPU
		{FB1433AB-8EBA-4EC5-B8A1-67BE3D5CC109}.Debug|x64.Build.0 = Debug|Any CPU
		{FB1433AB-8EBA-4EC5-B8A1-67BE3D5CC109}.Debug|x86.ActiveCfg = Debug|Any CPU
		{FB1433AB-8EBA-4EC5-B8A1-67BE3D5CC109}.Debug|x86.Build.0 = Debug|Any CPU
		{FB1433AB-8EBA-4EC5-B8A1-67BE3D5CC109}.Release|Any CPU.ActiveCfg = Release|Any CPU
		{FB1433AB-8EBA-4EC5-B8A1-67BE3D5CC109}.Release|Any CPU.Build.0 = Release|Any CPU
		{FB1433AB-8EBA-4EC5-B8A1-67BE3D5CC109}.Release|x64.ActiveCfg = Release|Any CPU
		{FB1433AB-8EBA-4EC5-B8A1-67BE3D5CC109}.Release|x64.Build.0 = Release|Any CPU
		{FB1433AB-8EBA-4EC5-B8A1-67BE3D5CC109}.Release|x86.ActiveCfg = Release|Any CPU
		{FB1433AB-8EBA-4EC5-B8A1-67BE3D5CC109}.Release|x86.Build.0 = Release|Any CPU
		{52C874DA-35F5-48F0-8556-9F6D44C3317A}.Debug|Any CPU.ActiveCfg = Debug|Any CPU
		{52C874DA-35F5-48F0-8556-9F6D44C3317A}.Debug|Any CPU.Build.0 = Debug|Any CPU
		{52C874DA-35F5-48F0-8556-9F6D44C3317A}.Debug|x64.ActiveCfg = Debug|Any CPU
		{52C874DA-35F5-48F0-8556-9F6D44C3317A}.Debug|x64.Build.0 = Debug|Any CPU
		{52C874DA-35F5-48F0-8556-9F6D44C3317A}.Debug|x86.ActiveCfg = Debug|Any CPU
		{52C874DA-35F5-48F0-8556-9F6D44C3317A}.Debug|x86.Build.0 = Debug|Any CPU
		{52C874DA-35F5-48F0-8556-9F6D44C3317A}.Release|Any CPU.ActiveCfg = Release|Any CPU
		{52C874DA-35F5-48F0-8556-9F6D44C3317A}.Release|Any CPU.Build.0 = Release|Any CPU
		{52C874DA-35F5-48F0-8556-9F6D44C3317A}.Release|x64.ActiveCfg = Release|Any CPU
		{52C874DA-35F5-48F0-8556-9F6D44C3317A}.Release|x64.Build.0 = Release|Any CPU
		{52C874DA-35F5-48F0-8556-9F6D44C3317A}.Release|x86.ActiveCfg = Release|Any CPU
		{52C874DA-35F5-48F0-8556-9F6D44C3317A}.Release|x86.Build.0 = Release|Any CPU
		{758F258F-DA6C-4DF7-A9E4-368EFF841581}.Debug|Any CPU.ActiveCfg = Debug|Any CPU
		{758F258F-DA6C-4DF7-A9E4-368EFF841581}.Debug|Any CPU.Build.0 = Debug|Any CPU
		{758F258F-DA6C-4DF7-A9E4-368EFF841581}.Debug|x64.ActiveCfg = Debug|Any CPU
		{758F258F-DA6C-4DF7-A9E4-368EFF841581}.Debug|x64.Build.0 = Debug|Any CPU
		{758F258F-DA6C-4DF7-A9E4-368EFF841581}.Debug|x86.ActiveCfg = Debug|Any CPU
		{758F258F-DA6C-4DF7-A9E4-368EFF841581}.Debug|x86.Build.0 = Debug|Any CPU
		{758F258F-DA6C-4DF7-A9E4-368EFF841581}.Release|Any CPU.ActiveCfg = Release|Any CPU
		{758F258F-DA6C-4DF7-A9E4-368EFF841581}.Release|Any CPU.Build.0 = Release|Any CPU
		{758F258F-DA6C-4DF7-A9E4-368EFF841581}.Release|x64.ActiveCfg = Release|Any CPU
		{758F258F-DA6C-4DF7-A9E4-368EFF841581}.Release|x64.Build.0 = Release|Any CPU
		{758F258F-DA6C-4DF7-A9E4-368EFF841581}.Release|x86.ActiveCfg = Release|Any CPU
		{758F258F-DA6C-4DF7-A9E4-368EFF841581}.Release|x86.Build.0 = Release|Any CPU
		{8C94DF78-1EDC-4A7A-BF06-1C57EBBA4225}.Debug|Any CPU.ActiveCfg = Debug|Any CPU
		{8C94DF78-1EDC-4A7A-BF06-1C57EBBA4225}.Debug|Any CPU.Build.0 = Debug|Any CPU
		{8C94DF78-1EDC-4A7A-BF06-1C57EBBA4225}.Debug|x64.ActiveCfg = Debug|Any CPU
		{8C94DF78-1EDC-4A7A-BF06-1C57EBBA4225}.Debug|x64.Build.0 = Debug|Any CPU
		{8C94DF78-1EDC-4A7A-BF06-1C57EBBA4225}.Debug|x86.ActiveCfg = Debug|Any CPU
		{8C94DF78-1EDC-4A7A-BF06-1C57EBBA4225}.Debug|x86.Build.0 = Debug|Any CPU
		{8C94DF78-1EDC-4A7A-BF06-1C57EBBA4225}.Release|Any CPU.ActiveCfg = Release|Any CPU
		{8C94DF78-1EDC-4A7A-BF06-1C57EBBA4225}.Release|Any CPU.Build.0 = Release|Any CPU
		{8C94DF78-1EDC-4A7A-BF06-1C57EBBA4225}.Release|x64.ActiveCfg = Release|Any CPU
		{8C94DF78-1EDC-4A7A-BF06-1C57EBBA4225}.Release|x64.Build.0 = Release|Any CPU
		{8C94DF78-1EDC-4A7A-BF06-1C57EBBA4225}.Release|x86.ActiveCfg = Release|Any CPU
		{8C94DF78-1EDC-4A7A-BF06-1C57EBBA4225}.Release|x86.Build.0 = Release|Any CPU
		{DE414A28-C365-4088-AD4C-6D9E393B4B79}.Debug|Any CPU.ActiveCfg = Debug|Any CPU
		{DE414A28-C365-4088-AD4C-6D9E393B4B79}.Debug|Any CPU.Build.0 = Debug|Any CPU
		{DE414A28-C365-4088-AD4C-6D9E393B4B79}.Debug|x64.ActiveCfg = Debug|Any CPU
		{DE414A28-C365-4088-AD4C-6D9E393B4B79}.Debug|x64.Build.0 = Debug|Any CPU
		{DE414A28-C365-4088-AD4C-6D9E393B4B79}.Debug|x86.ActiveCfg = Debug|Any CPU
		{DE414A28-C365-4088-AD4C-6D9E393B4B79}.Debug|x86.Build.0 = Debug|Any CPU
		{DE414A28-C365-4088-AD4C-6D9E393B4B79}.Release|Any CPU.ActiveCfg = Release|Any CPU
		{DE414A28-C365-4088-AD4C-6D9E393B4B79}.Release|Any CPU.Build.0 = Release|Any CPU
		{DE414A28-C365-4088-AD4C-6D9E393B4B79}.Release|x64.ActiveCfg = Release|Any CPU
		{DE414A28-C365-4088-AD4C-6D9E393B4B79}.Release|x64.Build.0 = Release|Any CPU
		{DE414A28-C365-4088-AD4C-6D9E393B4B79}.Release|x86.ActiveCfg = Release|Any CPU
		{DE414A28-C365-4088-AD4C-6D9E393B4B79}.Release|x86.Build.0 = Release|Any CPU
		{A36CEE52-B0F5-46D8-BC97-005BA5C04E5E}.Debug|Any CPU.ActiveCfg = Debug|Any CPU
		{A36CEE52-B0F5-46D8-BC97-005BA5C04E5E}.Debug|Any CPU.Build.0 = Debug|Any CPU
		{A36CEE52-B0F5-46D8-BC97-005BA5C04E5E}.Debug|x64.ActiveCfg = Debug|Any CPU
		{A36CEE52-B0F5-46D8-BC97-005BA5C04E5E}.Debug|x64.Build.0 = Debug|Any CPU
		{A36CEE52-B0F5-46D8-BC97-005BA5C04E5E}.Debug|x86.ActiveCfg = Debug|Any CPU
		{A36CEE52-B0F5-46D8-BC97-005BA5C04E5E}.Debug|x86.Build.0 = Debug|Any CPU
		{A36CEE52-B0F5-46D8-BC97-005BA5C04E5E}.Release|Any CPU.ActiveCfg = Release|Any CPU
		{A36CEE52-B0F5-46D8-BC97-005BA5C04E5E}.Release|Any CPU.Build.0 = Release|Any CPU
		{A36CEE52-B0F5-46D8-BC97-005BA5C04E5E}.Release|x64.ActiveCfg = Release|Any CPU
		{A36CEE52-B0F5-46D8-BC97-005BA5C04E5E}.Release|x64.Build.0 = Release|Any CPU
		{A36CEE52-B0F5-46D8-BC97-005BA5C04E5E}.Release|x86.ActiveCfg = Release|Any CPU
		{A36CEE52-B0F5-46D8-BC97-005BA5C04E5E}.Release|x86.Build.0 = Release|Any CPU
		{9ED7EF49-EA7D-46BE-90CC-C04AC8DF88CA}.Debug|Any CPU.ActiveCfg = Debug|Any CPU
		{9ED7EF49-EA7D-46BE-90CC-C04AC8DF88CA}.Debug|Any CPU.Build.0 = Debug|Any CPU
		{9ED7EF49-EA7D-46BE-90CC-C04AC8DF88CA}.Debug|x64.ActiveCfg = Debug|Any CPU
		{9ED7EF49-EA7D-46BE-90CC-C04AC8DF88CA}.Debug|x64.Build.0 = Debug|Any CPU
		{9ED7EF49-EA7D-46BE-90CC-C04AC8DF88CA}.Debug|x86.ActiveCfg = Debug|Any CPU
		{9ED7EF49-EA7D-46BE-90CC-C04AC8DF88CA}.Debug|x86.Build.0 = Debug|Any CPU
		{9ED7EF49-EA7D-46BE-90CC-C04AC8DF88CA}.Release|Any CPU.ActiveCfg = Release|Any CPU
		{9ED7EF49-EA7D-46BE-90CC-C04AC8DF88CA}.Release|Any CPU.Build.0 = Release|Any CPU
		{9ED7EF49-EA7D-46BE-90CC-C04AC8DF88CA}.Release|x64.ActiveCfg = Release|Any CPU
		{9ED7EF49-EA7D-46BE-90CC-C04AC8DF88CA}.Release|x64.Build.0 = Release|Any CPU
		{9ED7EF49-EA7D-46BE-90CC-C04AC8DF88CA}.Release|x86.ActiveCfg = Release|Any CPU
		{9ED7EF49-EA7D-46BE-90CC-C04AC8DF88CA}.Release|x86.Build.0 = Release|Any CPU
		{69767188-5683-4E25-A743-10AF016CA566}.Debug|Any CPU.ActiveCfg = Debug|Any CPU
		{69767188-5683-4E25-A743-10AF016CA566}.Debug|Any CPU.Build.0 = Debug|Any CPU
		{69767188-5683-4E25-A743-10AF016CA566}.Debug|x64.ActiveCfg = Debug|Any CPU
		{69767188-5683-4E25-A743-10AF016CA566}.Debug|x64.Build.0 = Debug|Any CPU
		{69767188-5683-4E25-A743-10AF016CA566}.Debug|x86.ActiveCfg = Debug|Any CPU
		{69767188-5683-4E25-A743-10AF016CA566}.Debug|x86.Build.0 = Debug|Any CPU
		{69767188-5683-4E25-A743-10AF016CA566}.Release|Any CPU.ActiveCfg = Release|Any CPU
		{69767188-5683-4E25-A743-10AF016CA566}.Release|Any CPU.Build.0 = Release|Any CPU
		{69767188-5683-4E25-A743-10AF016CA566}.Release|x64.ActiveCfg = Release|Any CPU
		{69767188-5683-4E25-A743-10AF016CA566}.Release|x64.Build.0 = Release|Any CPU
		{69767188-5683-4E25-A743-10AF016CA566}.Release|x86.ActiveCfg = Release|Any CPU
		{69767188-5683-4E25-A743-10AF016CA566}.Release|x86.Build.0 = Release|Any CPU
		{05246E04-A49E-483D-9622-B414375175E1}.Debug|Any CPU.ActiveCfg = Debug|Any CPU
		{05246E04-A49E-483D-9622-B414375175E1}.Debug|Any CPU.Build.0 = Debug|Any CPU
		{05246E04-A49E-483D-9622-B414375175E1}.Debug|x64.ActiveCfg = Debug|Any CPU
		{05246E04-A49E-483D-9622-B414375175E1}.Debug|x64.Build.0 = Debug|Any CPU
		{05246E04-A49E-483D-9622-B414375175E1}.Debug|x86.ActiveCfg = Debug|Any CPU
		{05246E04-A49E-483D-9622-B414375175E1}.Debug|x86.Build.0 = Debug|Any CPU
		{05246E04-A49E-483D-9622-B414375175E1}.Release|Any CPU.ActiveCfg = Release|Any CPU
		{05246E04-A49E-483D-9622-B414375175E1}.Release|Any CPU.Build.0 = Release|Any CPU
		{05246E04-A49E-483D-9622-B414375175E1}.Release|x64.ActiveCfg = Release|Any CPU
		{05246E04-A49E-483D-9622-B414375175E1}.Release|x64.Build.0 = Release|Any CPU
		{05246E04-A49E-483D-9622-B414375175E1}.Release|x86.ActiveCfg = Release|Any CPU
		{05246E04-A49E-483D-9622-B414375175E1}.Release|x86.Build.0 = Release|Any CPU
		{B23E6110-BD67-4480-BFBD-8AB032F209EB}.Debug|Any CPU.ActiveCfg = Debug|Any CPU
		{B23E6110-BD67-4480-BFBD-8AB032F209EB}.Debug|Any CPU.Build.0 = Debug|Any CPU
		{B23E6110-BD67-4480-BFBD-8AB032F209EB}.Debug|x64.ActiveCfg = Debug|Any CPU
		{B23E6110-BD67-4480-BFBD-8AB032F209EB}.Debug|x64.Build.0 = Debug|Any CPU
		{B23E6110-BD67-4480-BFBD-8AB032F209EB}.Debug|x86.ActiveCfg = Debug|Any CPU
		{B23E6110-BD67-4480-BFBD-8AB032F209EB}.Debug|x86.Build.0 = Debug|Any CPU
		{B23E6110-BD67-4480-BFBD-8AB032F209EB}.Release|Any CPU.ActiveCfg = Release|Any CPU
		{B23E6110-BD67-4480-BFBD-8AB032F209EB}.Release|Any CPU.Build.0 = Release|Any CPU
		{B23E6110-BD67-4480-BFBD-8AB032F209EB}.Release|x64.ActiveCfg = Release|Any CPU
		{B23E6110-BD67-4480-BFBD-8AB032F209EB}.Release|x64.Build.0 = Release|Any CPU
		{B23E6110-BD67-4480-BFBD-8AB032F209EB}.Release|x86.ActiveCfg = Release|Any CPU
		{B23E6110-BD67-4480-BFBD-8AB032F209EB}.Release|x86.Build.0 = Release|Any CPU
	EndGlobalSection
	GlobalSection(SolutionProperties) = preSolution
		HideSolutionNode = FALSE
	EndGlobalSection
	GlobalSection(NestedProjects) = preSolution
		{173574B1-F4C5-44A2-A60D-BEDD55ACC3A5} = {A1A468C3-650E-C533-5DF2-B144BECFC663}
		{79D1E396-1DC9-4980-83BC-AC44A272DCD0} = {A1A468C3-650E-C533-5DF2-B144BECFC663}
		{09680F30-6714-4B44-B468-26162ABE18BE} = {A1A468C3-650E-C533-5DF2-B144BECFC663}
		{2B203295-DA31-4764-9485-9E6A92803097} = {A1A468C3-650E-C533-5DF2-B144BECFC663}
		{096319F1-6D33-4E73-8A34-33D145372DF5} = {A1A468C3-650E-C533-5DF2-B144BECFC663}
		{923D3477-50DD-41CF-AF61-9A7E14FB105C} = {A1A468C3-650E-C533-5DF2-B144BECFC663}
		{923AD463-786E-4D46-8983-7C6D06176CA6} = {A1A468C3-650E-C533-5DF2-B144BECFC663}
		{A480DB59-2B95-4222-BC75-BA51E7C9AEC7} = {A1A468C3-650E-C533-5DF2-B144BECFC663}
		{9E02DD43-F874-4C60-B906-6B99E11F8F2D} = {A1A468C3-650E-C533-5DF2-B144BECFC663}
		{27F53AAA-CD05-4FFD-AC3E-A3AD14CCACE7} = {A1A468C3-650E-C533-5DF2-B144BECFC663}
		{4CB7B24D-B5D4-4067-A83F-A2899B945389} = {A1A468C3-650E-C533-5DF2-B144BECFC663}
		{493931B6-E27B-44C0-B661-794180D641B4} = {A1A468C3-650E-C533-5DF2-B144BECFC663}
		{B40D28A4-0D02-4AC5-890A-E4A3E8A454E0} = {A1A468C3-650E-C533-5DF2-B144BECFC663}
		{8569DA66-44CC-43AF-91C7-65FD86BE677F} = {A1A468C3-650E-C533-5DF2-B144BECFC663}
		{1F24522A-551D-4A00-B24E-2198ABDB3B53} = {A1A468C3-650E-C533-5DF2-B144BECFC663}
		{17502A13-0A24-4369-88B1-90803AB2FFB8} = {A1A468C3-650E-C533-5DF2-B144BECFC663}
		{969E6893-DE3E-48C1-94A3-DF8F55C3930A} = {D721D748-D063-4836-B655-BEC3DD186F69}
		{CA2E7D29-E3C7-4FD9-AC87-A10D3D22C91B} = {969E6893-DE3E-48C1-94A3-DF8F55C3930A}
		{0F94F07B-B9B7-4D6F-8F41-7FA7606646CB} = {D721D748-D063-4836-B655-BEC3DD186F69}
		{EF43FD62-D2A4-4F9C-9C79-EDE567F6F110} = {0F94F07B-B9B7-4D6F-8F41-7FA7606646CB}
		{D816B36F-3344-4736-A81F-0B28831D8D88} = {D721D748-D063-4836-B655-BEC3DD186F69}
		{6E046B55-520C-496E-A15B-9D60C4662DD8} = {D816B36F-3344-4736-A81F-0B28831D8D88}
		{3302EA21-C94D-492A-9E46-4955FAD5443A} = {D721D748-D063-4836-B655-BEC3DD186F69}
		{E6E130F8-4965-476A-8A96-ADF83108EA03} = {3302EA21-C94D-492A-9E46-4955FAD5443A}
		{28320BCE-D725-49E6-B9E8-875228CD22C7} = {FA94233A-D8AD-4536-9F09-5A3E8934F985}
		{68D2DDC8-4990-4C55-B083-AC7FD8BCEF9F} = {28320BCE-D725-49E6-B9E8-875228CD22C7}
		{B78CDD95-019F-49BB-9022-6F2C36B9EA2C} = {FA94233A-D8AD-4536-9F09-5A3E8934F985}
		{FB1433AB-8EBA-4EC5-B8A1-67BE3D5CC109} = {B78CDD95-019F-49BB-9022-6F2C36B9EA2C}
		{C1D9B023-F8AC-4432-AA7B-7F4AE4C3D5B9} = {FA94233A-D8AD-4536-9F09-5A3E8934F985}
		{52C874DA-35F5-48F0-8556-9F6D44C3317A} = {C1D9B023-F8AC-4432-AA7B-7F4AE4C3D5B9}
		{FB54A680-EE45-424D-B50E-DAD6FD46EA9A} = {FA94233A-D8AD-4536-9F09-5A3E8934F985}
		{758F258F-DA6C-4DF7-A9E4-368EFF841581} = {FB54A680-EE45-424D-B50E-DAD6FD46EA9A}
		{2E7C1C5E-26DC-480D-900D-220B84F73065} = {FA94233A-D8AD-4536-9F09-5A3E8934F985}
		{8C94DF78-1EDC-4A7A-BF06-1C57EBBA4225} = {2E7C1C5E-26DC-480D-900D-220B84F73065}
		{184AAA47-0C87-4B63-98B4-13508A021A9F} = {FA94233A-D8AD-4536-9F09-5A3E8934F985}
		{DE414A28-C365-4088-AD4C-6D9E393B4B79} = {184AAA47-0C87-4B63-98B4-13508A021A9F}
		{95603F2B-9A25-45E0-8682-71B338F54C04} = {69D306D1-4DDD-4601-913A-54170D9DF99C}
		{A36CEE52-B0F5-46D8-BC97-005BA5C04E5E} = {95603F2B-9A25-45E0-8682-71B338F54C04}
		{2B97D152-65EE-41A0-8D75-A346FE25A94D} = {69D306D1-4DDD-4601-913A-54170D9DF99C}
		{9ED7EF49-EA7D-46BE-90CC-C04AC8DF88CA} = {2B97D152-65EE-41A0-8D75-A346FE25A94D}
		{E4C6310A-BF2F-40B8-BF55-60C04DF78DB6} = {69D306D1-4DDD-4601-913A-54170D9DF99C}
		{69767188-5683-4E25-A743-10AF016CA566} = {E4C6310A-BF2F-40B8-BF55-60C04DF78DB6}
		{AD97EF0C-DA56-4233-A6B2-E17BB1064AE1} = {69D306D1-4DDD-4601-913A-54170D9DF99C}
		{05246E04-A49E-483D-9622-B414375175E1} = {AD97EF0C-DA56-4233-A6B2-E17BB1064AE1}
		{33C69772-9FD1-4544-A9DC-AC893E58ACF1} = {69D306D1-4DDD-4601-913A-54170D9DF99C}
		{4B93F294-342A-46E4-AF0E-E205554953F5} = {69D306D1-4DDD-4601-913A-54170D9DF99C}
		{B23E6110-BD67-4480-BFBD-8AB032F209EB} = {4B93F294-342A-46E4-AF0E-E205554953F5}
	EndGlobalSection
EndGlobal
